// !$*UTF8*$!
{
	archiveVersion = 1;
	classes = {
	};
	objectVersion = 46;
	objects = {

/* Begin PBXBuildFile section */
		A5095643170BF1A900FF4CD3 /* MBMainViewController.m in Sources */ = {isa = PBXBuildFile; fileRef = A5095641170BF1A900FF4CD3 /* MBMainViewController.m */; };
		A5095644170BF1A900FF4CD3 /* MBMainViewController.m in Sources */ = {isa = PBXBuildFile; fileRef = A5095641170BF1A900FF4CD3 /* MBMainViewController.m */; };
		A5095645170BF1A900FF4CD3 /* MBMainViewController.xib in Resources */ = {isa = PBXBuildFile; fileRef = A5095642170BF1A900FF4CD3 /* MBMainViewController.xib */; };
		A5095646170BF1A900FF4CD3 /* MBMainViewController.xib in Resources */ = {isa = PBXBuildFile; fileRef = A5095642170BF1A900FF4CD3 /* MBMainViewController.xib */; };
		A5095649170BF4D700FF4CD3 /* MBUserListViewController.m in Sources */ = {isa = PBXBuildFile; fileRef = A5095648170BF4D700FF4CD3 /* MBUserListViewController.m */; };
		A509564A170BF4D700FF4CD3 /* MBUserListViewController.m in Sources */ = {isa = PBXBuildFile; fileRef = A5095648170BF4D700FF4CD3 /* MBUserListViewController.m */; };
		A509564E170BF7C500FF4CD3 /* MBBoxUser+Collection.m in Sources */ = {isa = PBXBuildFile; fileRef = A509564D170BF7C500FF4CD3 /* MBBoxUser+Collection.m */; };
		A509564F170BF7C500FF4CD3 /* MBBoxUser+Collection.m in Sources */ = {isa = PBXBuildFile; fileRef = A509564D170BF7C500FF4CD3 /* MBBoxUser+Collection.m */; };
		A5095652170BFD1D00FF4CD3 /* MBUserListCell.m in Sources */ = {isa = PBXBuildFile; fileRef = A5095651170BFD1D00FF4CD3 /* MBUserListCell.m */; };
		A5095653170BFD1D00FF4CD3 /* MBUserListCell.m in Sources */ = {isa = PBXBuildFile; fileRef = A5095651170BFD1D00FF4CD3 /* MBUserListCell.m */; };
		A5095655170BFD3000FF4CD3 /* MBUserListCell.xib in Resources */ = {isa = PBXBuildFile; fileRef = A5095654170BFD3000FF4CD3 /* MBUserListCell.xib */; };
		A5095656170BFD3000FF4CD3 /* MBUserListCell.xib in Resources */ = {isa = PBXBuildFile; fileRef = A5095654170BFD3000FF4CD3 /* MBUserListCell.xib */; };
		A5205FEC1716504100BC8C69 /* MBFileBrowserController.m in Sources */ = {isa = PBXBuildFile; fileRef = A5205FEB1716504100BC8C69 /* MBFileBrowserController.m */; };
		A5205FED1716504100BC8C69 /* MBFileBrowserController.m in Sources */ = {isa = PBXBuildFile; fileRef = A5205FEB1716504100BC8C69 /* MBFileBrowserController.m */; };
		A555A31D170E3313005428DA /* box_logo_small.png in Resources */ = {isa = PBXBuildFile; fileRef = A555A31C170E3313005428DA /* box_logo_small.png */; };
		A555A31E170E3313005428DA /* box_logo_small.png in Resources */ = {isa = PBXBuildFile; fileRef = A555A31C170E3313005428DA /* box_logo_small.png */; };
		A557872E170DB0BC007185F1 /* MBBoxUser+GetInfo.m in Sources */ = {isa = PBXBuildFile; fileRef = A557872D170DB0BC007185F1 /* MBBoxUser+GetInfo.m */; };
		A557872F170DB0BC007185F1 /* MBBoxUser+GetInfo.m in Sources */ = {isa = PBXBuildFile; fileRef = A557872D170DB0BC007185F1 /* MBBoxUser+GetInfo.m */; };
		A5578733170DB24A007185F1 /* MBBoxGetUserInfoResponse.m in Sources */ = {isa = PBXBuildFile; fileRef = A5578732170DB24A007185F1 /* MBBoxGetUserInfoResponse.m */; };
		A5578734170DB24A007185F1 /* MBBoxGetUserInfoResponse.m in Sources */ = {isa = PBXBuildFile; fileRef = A5578732170DB24A007185F1 /* MBBoxGetUserInfoResponse.m */; };
		A56676EE17245407007B5D9A /* MBFileSystemObject.m in Sources */ = {isa = PBXBuildFile; fileRef = A56676ED17245407007B5D9A /* MBFileSystemObject.m */; };
		A56676EF17245407007B5D9A /* MBFileSystemObject.m in Sources */ = {isa = PBXBuildFile; fileRef = A56676ED17245407007B5D9A /* MBFileSystemObject.m */; };
		A56676F21724542D007B5D9A /* MBFolder.m in Sources */ = {isa = PBXBuildFile; fileRef = A56676F11724542D007B5D9A /* MBFolder.m */; };
		A56676F31724542D007B5D9A /* MBFolder.m in Sources */ = {isa = PBXBuildFile; fileRef = A56676F11724542D007B5D9A /* MBFolder.m */; };
		A56676F617245452007B5D9A /* MBFile.m in Sources */ = {isa = PBXBuildFile; fileRef = A56676F517245452007B5D9A /* MBFile.m */; };
		A56676F717245452007B5D9A /* MBFile.m in Sources */ = {isa = PBXBuildFile; fileRef = A56676F517245452007B5D9A /* MBFile.m */; };
		A5667700172454CB007B5D9A /* MBBoxFolder.m in Sources */ = {isa = PBXBuildFile; fileRef = A56676FB172454CB007B5D9A /* MBBoxFolder.m */; };
		A5667701172454CB007B5D9A /* MBBoxFolder.m in Sources */ = {isa = PBXBuildFile; fileRef = A56676FB172454CB007B5D9A /* MBBoxFolder.m */; };
		A5667702172454CB007B5D9A /* MBBoxFolderItemsResponse.m in Sources */ = {isa = PBXBuildFile; fileRef = A56676FD172454CB007B5D9A /* MBBoxFolderItemsResponse.m */; };
		A5667703172454CB007B5D9A /* MBBoxFolderItemsResponse.m in Sources */ = {isa = PBXBuildFile; fileRef = A56676FD172454CB007B5D9A /* MBBoxFolderItemsResponse.m */; };
		A5667704172454CB007B5D9A /* MBBoxFolderResponse.m in Sources */ = {isa = PBXBuildFile; fileRef = A56676FF172454CB007B5D9A /* MBBoxFolderResponse.m */; };
		A5667705172454CB007B5D9A /* MBBoxFolderResponse.m in Sources */ = {isa = PBXBuildFile; fileRef = A56676FF172454CB007B5D9A /* MBBoxFolderResponse.m */; };
		A566770A172454E2007B5D9A /* MBBoxFile.m in Sources */ = {isa = PBXBuildFile; fileRef = A5667707172454E2007B5D9A /* MBBoxFile.m */; };
		A566770B172454E2007B5D9A /* MBBoxFile.m in Sources */ = {isa = PBXBuildFile; fileRef = A5667707172454E2007B5D9A /* MBBoxFile.m */; };
		A566770C172454E2007B5D9A /* MBBoxFileResponse.m in Sources */ = {isa = PBXBuildFile; fileRef = A5667709172454E2007B5D9A /* MBBoxFileResponse.m */; };
		A566770D172454E2007B5D9A /* MBBoxFileResponse.m in Sources */ = {isa = PBXBuildFile; fileRef = A5667709172454E2007B5D9A /* MBBoxFileResponse.m */; };
		A566771117245AF7007B5D9A /* MBUser.m in Sources */ = {isa = PBXBuildFile; fileRef = A566771017245AF6007B5D9A /* MBUser.m */; };
		A566771217245AF7007B5D9A /* MBUser.m in Sources */ = {isa = PBXBuildFile; fileRef = A566771017245AF6007B5D9A /* MBUser.m */; };
		A566771517245B16007B5D9A /* MBBoxUser.m in Sources */ = {isa = PBXBuildFile; fileRef = A566771417245B16007B5D9A /* MBBoxUser.m */; };
		A566771617245B16007B5D9A /* MBBoxUser.m in Sources */ = {isa = PBXBuildFile; fileRef = A566771417245B16007B5D9A /* MBBoxUser.m */; };
		A5E9FA6A1708B9D8000C723C /* Cocoa.framework in Frameworks */ = {isa = PBXBuildFile; fileRef = A5E9FA691708B9D8000C723C /* Cocoa.framework */; };
		A5E9FA741708B9D8000C723C /* InfoPlist.strings in Resources */ = {isa = PBXBuildFile; fileRef = A5E9FA721708B9D8000C723C /* InfoPlist.strings */; };
		A5E9FA761708B9D8000C723C /* main.m in Sources */ = {isa = PBXBuildFile; fileRef = A5E9FA751708B9D8000C723C /* main.m */; };
		A5E9FA7A1708B9D8000C723C /* Credits.rtf in Resources */ = {isa = PBXBuildFile; fileRef = A5E9FA781708B9D8000C723C /* Credits.rtf */; };
		A5E9FA7D1708B9D8000C723C /* MBAppDelegate.m in Sources */ = {isa = PBXBuildFile; fileRef = A5E9FA7C1708B9D8000C723C /* MBAppDelegate.m */; };
		A5E9FA801708B9D8000C723C /* MainMenu.xib in Resources */ = {isa = PBXBuildFile; fileRef = A5E9FA7E1708B9D8000C723C /* MainMenu.xib */; };
		A5E9FA881708B9D8000C723C /* SenTestingKit.framework in Frameworks */ = {isa = PBXBuildFile; fileRef = A5E9FA871708B9D8000C723C /* SenTestingKit.framework */; };
		A5E9FA891708B9D8000C723C /* Cocoa.framework in Frameworks */ = {isa = PBXBuildFile; fileRef = A5E9FA691708B9D8000C723C /* Cocoa.framework */; };
		A5E9FA911708B9D8000C723C /* InfoPlist.strings in Resources */ = {isa = PBXBuildFile; fileRef = A5E9FA8F1708B9D8000C723C /* InfoPlist.strings */; };
		A5E9FA941708B9D8000C723C /* Multi_BoxTests.m in Sources */ = {isa = PBXBuildFile; fileRef = A5E9FA931708B9D8000C723C /* Multi_BoxTests.m */; };
		A5E9FAA41708BE40000C723C /* WebKit.framework in Frameworks */ = {isa = PBXBuildFile; fileRef = A5E9FAA31708BE40000C723C /* WebKit.framework */; };
		A5E9FAAE1708E51B000C723C /* NSString+URLQuery.m in Sources */ = {isa = PBXBuildFile; fileRef = A5E9FAAD1708E51B000C723C /* NSString+URLQuery.m */; };
		A5E9FAAF1708E51B000C723C /* NSString+URLQuery.m in Sources */ = {isa = PBXBuildFile; fileRef = A5E9FAAD1708E51B000C723C /* NSString+URLQuery.m */; };
		A5E9FAC51708EDBD000C723C /* RestKit.framework in Frameworks */ = {isa = PBXBuildFile; fileRef = A5E9FAC01708EC86000C723C /* RestKit.framework */; };
		A5E9FAC61708EDF0000C723C /* CoreData.framework in Frameworks */ = {isa = PBXBuildFile; fileRef = A5E9FA6D1708B9D8000C723C /* CoreData.framework */; };
		A5E9FACA1708EDF0000C723C /* CoreServices.framework in Frameworks */ = {isa = PBXBuildFile; fileRef = A5E9FAC71708EDF0000C723C /* CoreServices.framework */; };
		A5E9FACB1708EDF0000C723C /* Security.framework in Frameworks */ = {isa = PBXBuildFile; fileRef = A5E9FAC81708EDF0000C723C /* Security.framework */; };
		A5E9FACC1708EDF0000C723C /* SystemConfiguration.framework in Frameworks */ = {isa = PBXBuildFile; fileRef = A5E9FAC91708EDF0000C723C /* SystemConfiguration.framework */; };
		A5E9FACE1708EE6A000C723C /* RestKit.framework in Copy RestKit Framework */ = {isa = PBXBuildFile; fileRef = A5E9FAC01708EC86000C723C /* RestKit.framework */; };
		D3F6401017387F415D5E2B72 /* MBBoxRefreshTokenRequest.m in Sources */ = {isa = PBXBuildFile; fileRef = D3F6409F15958C127F608896 /* MBBoxRefreshTokenRequest.m */; };
		D3F64064592856D9E6E59638 /* MBBoxAccessTokenResponse.m in Sources */ = {isa = PBXBuildFile; fileRef = D3F64CB2175A4FAABE85C992 /* MBBoxAccessTokenResponse.m */; };
		D3F64101C6437A951FEF3E50 /* MBBoxRevokeTokenRequest.h in Copy RestKit Framework */ = {isa = PBXBuildFile; fileRef = D3F646F4FCE21533D411DC56 /* MBBoxRevokeTokenRequest.h */; };
		D3F641570C2332B51F2CA9A3 /* MBLoginWindowController.m in Sources */ = {isa = PBXBuildFile; fileRef = D3F64DF7F5671C69B26DE6BC /* MBLoginWindowController.m */; };
		D3F641E6BAA9B50F48AC9846 /* MBBoxRevokeTokenRequest.m in Sources */ = {isa = PBXBuildFile; fileRef = D3F6427844E40CA6F1731EE9 /* MBBoxRevokeTokenRequest.m */; };
		D3F641EB583EC5FB66676055 /* MBLoginWindowController.m in Sources */ = {isa = PBXBuildFile; fileRef = D3F64DF7F5671C69B26DE6BC /* MBLoginWindowController.m */; };
		D3F642FCA14D9856F4C44BA0 /* MBLoginWindowController.xib in Resources */ = {isa = PBXBuildFile; fileRef = D3F64895B49B645F2EA41AF3 /* MBLoginWindowController.xib */; };
		D3F6447B43C60CF19FF1F55B /* MBBoxUser+Authentication.m in Sources */ = {isa = PBXBuildFile; fileRef = D3F6463C7A731A330D24D81C /* MBBoxUser+Authentication.m */; };
		D3F64539C38782E0128068AF /* MBLoginWindowController.xib in Resources */ = {isa = PBXBuildFile; fileRef = D3F64895B49B645F2EA41AF3 /* MBLoginWindowController.xib */; };
		D3F645B4FC1AEAC0B60B56B5 /* MBBoxAccessTokenResponse.m in Sources */ = {isa = PBXBuildFile; fileRef = D3F64CB2175A4FAABE85C992 /* MBBoxAccessTokenResponse.m */; };
		D3F646242E762E296FBFD941 /* MBBoxRefreshTokenResponse.h in Copy RestKit Framework */ = {isa = PBXBuildFile; fileRef = D3F649F11BF74BD3CF39922B /* MBBoxRefreshTokenResponse.h */; };
		D3F64714BFFFF45D099BAA33 /* MBBoxRevokeTokenRequest.m in Sources */ = {isa = PBXBuildFile; fileRef = D3F6427844E40CA6F1731EE9 /* MBBoxRevokeTokenRequest.m */; };
		D3F6471F61218E2B4BD78B15 /* MBBoxUser+Authentication.h in Copy RestKit Framework */ = {isa = PBXBuildFile; fileRef = D3F645F9F6A48A22CB3DD081 /* MBBoxUser+Authentication.h */; };
		D3F6483995826A2F0F5DA26B /* MBAPIKey.m in Sources */ = {isa = PBXBuildFile; fileRef = D3F64BC5370A3AFFADD3616A /* MBAPIKey.m */; };
		D3F648CF35815216481CE8CC /* MBBoxRefreshTokenRequest.m in Sources */ = {isa = PBXBuildFile; fileRef = D3F6409F15958C127F608896 /* MBBoxRefreshTokenRequest.m */; };
		D3F648D01C7FF5300FC752C4 /* MBBoxRefreshTokenResponse.m in Sources */ = {isa = PBXBuildFile; fileRef = D3F6486BDC1512AB7BF38065 /* MBBoxRefreshTokenResponse.m */; };
		D3F64931ECC8D9EBD00C5E19 /* MBLoginWindowController.h in Copy RestKit Framework */ = {isa = PBXBuildFile; fileRef = D3F64982F46B1B31438692D6 /* MBLoginWindowController.h */; };
		D3F6497B82C25A0884A8B46A /* MBBoxAccessTokenResponse.h in Copy RestKit Framework */ = {isa = PBXBuildFile; fileRef = D3F649A9746E0F18DD0C003D /* MBBoxAccessTokenResponse.h */; };
		D3F649F4EF56C6EA70DF7038 /* MBBoxAccessTokenRequest.m in Sources */ = {isa = PBXBuildFile; fileRef = D3F648E7252508CE0E75A170 /* MBBoxAccessTokenRequest.m */; };
		D3F64CFBF8CDC2177D710FFB /* MBBoxRefreshTokenResponse.m in Sources */ = {isa = PBXBuildFile; fileRef = D3F6486BDC1512AB7BF38065 /* MBBoxRefreshTokenResponse.m */; };
		D3F64D4FD4565A6434C1924D /* MBBoxUser+Authentication.m in Sources */ = {isa = PBXBuildFile; fileRef = D3F6463C7A731A330D24D81C /* MBBoxUser+Authentication.m */; };
		D3F64DC5C0019A26589156B5 /* MBAPIKey.m in Sources */ = {isa = PBXBuildFile; fileRef = D3F64BC5370A3AFFADD3616A /* MBAPIKey.m */; };
		D3F64EB70D25B1E3FE221E40 /* MBBoxAccessTokenRequest.m in Sources */ = {isa = PBXBuildFile; fileRef = D3F648E7252508CE0E75A170 /* MBBoxAccessTokenRequest.m */; };
		D3F64F02EE3260B023D9DB39 /* MBBoxAccessTokenRequest.h in Copy RestKit Framework */ = {isa = PBXBuildFile; fileRef = D3F645430C26EE0000AB7C7E /* MBBoxAccessTokenRequest.h */; };
		D3F64F0C36AE8C912A5C4A8D /* MBBoxRefreshTokenRequest.h in Copy RestKit Framework */ = {isa = PBXBuildFile; fileRef = D3F642DE9BABB9439E996035 /* MBBoxRefreshTokenRequest.h */; };
/* End PBXBuildFile section */

/* Begin PBXContainerItemProxy section */
		A5E9FA8A1708B9D8000C723C /* PBXContainerItemProxy */ = {
			isa = PBXContainerItemProxy;
			containerPortal = A5E9FA5E1708B9D8000C723C /* Project object */;
			proxyType = 1;
			remoteGlobalIDString = A5E9FA651708B9D8000C723C;
			remoteInfo = "Multi Box";
		};
		A5E9FABB1708EC86000C723C /* PBXContainerItemProxy */ = {
			isa = PBXContainerItemProxy;
			containerPortal = A5E9FAB41708EC86000C723C /* RestKit.xcodeproj */;
			proxyType = 2;
			remoteGlobalIDString = 25160D1614564E810060A5C5;
			remoteInfo = RestKit;
		};
		A5E9FABD1708EC86000C723C /* PBXContainerItemProxy */ = {
			isa = PBXContainerItemProxy;
			containerPortal = A5E9FAB41708EC86000C723C /* RestKit.xcodeproj */;
			proxyType = 2;
			remoteGlobalIDString = 25160D2614564E820060A5C5;
			remoteInfo = RestKitTests;
		};
		A5E9FABF1708EC86000C723C /* PBXContainerItemProxy */ = {
			isa = PBXContainerItemProxy;
			containerPortal = A5E9FAB41708EC86000C723C /* RestKit.xcodeproj */;
			proxyType = 2;
			remoteGlobalIDString = 25160E62145651060060A5C5;
			remoteInfo = RestKitFramework;
		};
		A5E9FAC11708EC86000C723C /* PBXContainerItemProxy */ = {
			isa = PBXContainerItemProxy;
			containerPortal = A5E9FAB41708EC86000C723C /* RestKit.xcodeproj */;
			proxyType = 2;
			remoteGlobalIDString = 25160E78145651060060A5C5;
			remoteInfo = RestKitFrameworkTests;
		};
		A5E9FAC31708ED5F000C723C /* PBXContainerItemProxy */ = {
			isa = PBXContainerItemProxy;
			containerPortal = A5E9FAB41708EC86000C723C /* RestKit.xcodeproj */;
			proxyType = 1;
			remoteGlobalIDString = 25160E61145651060060A5C5;
			remoteInfo = RestKitFramework;
		};
/* End PBXContainerItemProxy section */

/* Begin PBXCopyFilesBuildPhase section */
		A5E9FACD1708EE1A000C723C /* Copy RestKit Framework */ = {
			isa = PBXCopyFilesBuildPhase;
			buildActionMask = 2147483647;
			dstPath = "";
			dstSubfolderSpec = 10;
			files = (
				A5E9FACE1708EE6A000C723C /* RestKit.framework in Copy RestKit Framework */,
				D3F64F02EE3260B023D9DB39 /* MBBoxAccessTokenRequest.h in Copy RestKit Framework */,
				D3F64101C6437A951FEF3E50 /* MBBoxRevokeTokenRequest.h in Copy RestKit Framework */,
				D3F6497B82C25A0884A8B46A /* MBBoxAccessTokenResponse.h in Copy RestKit Framework */,
				D3F64F0C36AE8C912A5C4A8D /* MBBoxRefreshTokenRequest.h in Copy RestKit Framework */,
				D3F6471F61218E2B4BD78B15 /* MBBoxUser+Authentication.h in Copy RestKit Framework */,
				D3F646242E762E296FBFD941 /* MBBoxRefreshTokenResponse.h in Copy RestKit Framework */,
				D3F64931ECC8D9EBD00C5E19 /* MBLoginWindowController.h in Copy RestKit Framework */,
			);
			name = "Copy RestKit Framework";
			runOnlyForDeploymentPostprocessing = 0;
		};
/* End PBXCopyFilesBuildPhase section */

/* Begin PBXFileReference section */
		A5095640170BF1A900FF4CD3 /* MBMainViewController.h */ = {isa = PBXFileReference; fileEncoding = 4; lastKnownFileType = sourcecode.c.h; name = MBMainViewController.h; path = "Main View/MBMainViewController.h"; sourceTree = "<group>"; };
		A5095641170BF1A900FF4CD3 /* MBMainViewController.m */ = {isa = PBXFileReference; fileEncoding = 4; lastKnownFileType = sourcecode.c.objc; name = MBMainViewController.m; path = "Main View/MBMainViewController.m"; sourceTree = "<group>"; };
		A5095642170BF1A900FF4CD3 /* MBMainViewController.xib */ = {isa = PBXFileReference; fileEncoding = 4; lastKnownFileType = file.xib; name = MBMainViewController.xib; path = "Main View/MBMainViewController.xib"; sourceTree = "<group>"; };
		A5095647170BF4D700FF4CD3 /* MBUserListViewController.h */ = {isa = PBXFileReference; fileEncoding = 4; lastKnownFileType = sourcecode.c.h; name = MBUserListViewController.h; path = "Main View/MBUserListViewController.h"; sourceTree = "<group>"; };
		A5095648170BF4D700FF4CD3 /* MBUserListViewController.m */ = {isa = PBXFileReference; fileEncoding = 4; lastKnownFileType = sourcecode.c.objc; name = MBUserListViewController.m; path = "Main View/MBUserListViewController.m"; sourceTree = "<group>"; };
		A509564C170BF7C500FF4CD3 /* MBBoxUser+Collection.h */ = {isa = PBXFileReference; fileEncoding = 4; lastKnownFileType = sourcecode.c.h; name = "MBBoxUser+Collection.h"; path = "Data Model/User/Collection/MBBoxUser+Collection.h"; sourceTree = "<group>"; };
		A509564D170BF7C500FF4CD3 /* MBBoxUser+Collection.m */ = {isa = PBXFileReference; fileEncoding = 4; lastKnownFileType = sourcecode.c.objc; name = "MBBoxUser+Collection.m"; path = "Data Model/User/Collection/MBBoxUser+Collection.m"; sourceTree = "<group>"; };
		A5095650170BFD1D00FF4CD3 /* MBUserListCell.h */ = {isa = PBXFileReference; fileEncoding = 4; lastKnownFileType = sourcecode.c.h; name = MBUserListCell.h; path = "Main View/MBUserListCell.h"; sourceTree = "<group>"; };
		A5095651170BFD1D00FF4CD3 /* MBUserListCell.m */ = {isa = PBXFileReference; fileEncoding = 4; lastKnownFileType = sourcecode.c.objc; name = MBUserListCell.m; path = "Main View/MBUserListCell.m"; sourceTree = "<group>"; };
		A5095654170BFD3000FF4CD3 /* MBUserListCell.xib */ = {isa = PBXFileReference; fileEncoding = 4; lastKnownFileType = file.xib; path = MBUserListCell.xib; sourceTree = "<group>"; };
		A5205FEA1716504100BC8C69 /* MBFileBrowserController.h */ = {isa = PBXFileReference; fileEncoding = 4; lastKnownFileType = sourcecode.c.h; name = MBFileBrowserController.h; path = "Main View/MBFileBrowserController.h"; sourceTree = "<group>"; };
		A5205FEB1716504100BC8C69 /* MBFileBrowserController.m */ = {isa = PBXFileReference; fileEncoding = 4; lastKnownFileType = sourcecode.c.objc; name = MBFileBrowserController.m; path = "Main View/MBFileBrowserController.m"; sourceTree = "<group>"; };
		A555A31C170E3313005428DA /* box_logo_small.png */ = {isa = PBXFileReference; lastKnownFileType = image.png; name = box_logo_small.png; path = Images/box_logo_small.png; sourceTree = "<group>"; };
		A557872C170DB0BC007185F1 /* MBBoxUser+GetInfo.h */ = {isa = PBXFileReference; fileEncoding = 4; lastKnownFileType = sourcecode.c.h; name = "MBBoxUser+GetInfo.h"; path = "Data Model/User/User Info/MBBoxUser+GetInfo.h"; sourceTree = "<group>"; };
		A557872D170DB0BC007185F1 /* MBBoxUser+GetInfo.m */ = {isa = PBXFileReference; fileEncoding = 4; lastKnownFileType = sourcecode.c.objc; name = "MBBoxUser+GetInfo.m"; path = "Data Model/User/User Info/MBBoxUser+GetInfo.m"; sourceTree = "<group>"; };
		A5578731170DB24A007185F1 /* MBBoxGetUserInfoResponse.h */ = {isa = PBXFileReference; fileEncoding = 4; lastKnownFileType = sourcecode.c.h; name = MBBoxGetUserInfoResponse.h; path = "Data Model/User/User Info/MBBoxGetUserInfoResponse.h"; sourceTree = "<group>"; };
		A5578732170DB24A007185F1 /* MBBoxGetUserInfoResponse.m */ = {isa = PBXFileReference; fileEncoding = 4; lastKnownFileType = sourcecode.c.objc; name = MBBoxGetUserInfoResponse.m; path = "Data Model/User/User Info/MBBoxGetUserInfoResponse.m"; sourceTree = "<group>"; };
		A56676EC17245407007B5D9A /* MBFileSystemObject.h */ = {isa = PBXFileReference; fileEncoding = 4; lastKnownFileType = sourcecode.c.h; name = MBFileSystemObject.h; path = "Data Model/File System/MBFileSystemObject.h"; sourceTree = "<group>"; };
		A56676ED17245407007B5D9A /* MBFileSystemObject.m */ = {isa = PBXFileReference; fileEncoding = 4; lastKnownFileType = sourcecode.c.objc; name = MBFileSystemObject.m; path = "Data Model/File System/MBFileSystemObject.m"; sourceTree = "<group>"; };
		A56676F01724542D007B5D9A /* MBFolder.h */ = {isa = PBXFileReference; fileEncoding = 4; lastKnownFileType = sourcecode.c.h; name = MBFolder.h; path = "Data Model/File System/Folder/MBFolder.h"; sourceTree = "<group>"; };
		A56676F11724542D007B5D9A /* MBFolder.m */ = {isa = PBXFileReference; fileEncoding = 4; lastKnownFileType = sourcecode.c.objc; name = MBFolder.m; path = "Data Model/File System/Folder/MBFolder.m"; sourceTree = "<group>"; };
		A56676F417245452007B5D9A /* MBFile.h */ = {isa = PBXFileReference; fileEncoding = 4; lastKnownFileType = sourcecode.c.h; name = MBFile.h; path = "Data Model/File System/File/MBFile.h"; sourceTree = "<group>"; };
		A56676F517245452007B5D9A /* MBFile.m */ = {isa = PBXFileReference; fileEncoding = 4; lastKnownFileType = sourcecode.c.objc; name = MBFile.m; path = "Data Model/File System/File/MBFile.m"; sourceTree = "<group>"; };
		A56676FA172454CB007B5D9A /* MBBoxFolder.h */ = {isa = PBXFileReference; fileEncoding = 4; lastKnownFileType = sourcecode.c.h; name = MBBoxFolder.h; path = "Data Model/File System/Folder/Box/MBBoxFolder.h"; sourceTree = "<group>"; };
		A56676FB172454CB007B5D9A /* MBBoxFolder.m */ = {isa = PBXFileReference; fileEncoding = 4; lastKnownFileType = sourcecode.c.objc; name = MBBoxFolder.m; path = "Data Model/File System/Folder/Box/MBBoxFolder.m"; sourceTree = "<group>"; };
		A56676FC172454CB007B5D9A /* MBBoxFolderItemsResponse.h */ = {isa = PBXFileReference; fileEncoding = 4; lastKnownFileType = sourcecode.c.h; name = MBBoxFolderItemsResponse.h; path = "Data Model/File System/Folder/Box/MBBoxFolderItemsResponse.h"; sourceTree = "<group>"; };
		A56676FD172454CB007B5D9A /* MBBoxFolderItemsResponse.m */ = {isa = PBXFileReference; fileEncoding = 4; lastKnownFileType = sourcecode.c.objc; name = MBBoxFolderItemsResponse.m; path = "Data Model/File System/Folder/Box/MBBoxFolderItemsResponse.m"; sourceTree = "<group>"; };
		A56676FE172454CB007B5D9A /* MBBoxFolderResponse.h */ = {isa = PBXFileReference; fileEncoding = 4; lastKnownFileType = sourcecode.c.h; name = MBBoxFolderResponse.h; path = "Data Model/File System/Folder/Box/MBBoxFolderResponse.h"; sourceTree = "<group>"; };
		A56676FF172454CB007B5D9A /* MBBoxFolderResponse.m */ = {isa = PBXFileReference; fileEncoding = 4; lastKnownFileType = sourcecode.c.objc; name = MBBoxFolderResponse.m; path = "Data Model/File System/Folder/Box/MBBoxFolderResponse.m"; sourceTree = "<group>"; };
		A5667706172454E2007B5D9A /* MBBoxFile.h */ = {isa = PBXFileReference; fileEncoding = 4; lastKnownFileType = sourcecode.c.h; name = MBBoxFile.h; path = "Data Model/File System/File/Box/MBBoxFile.h"; sourceTree = "<group>"; };
		A5667707172454E2007B5D9A /* MBBoxFile.m */ = {isa = PBXFileReference; fileEncoding = 4; lastKnownFileType = sourcecode.c.objc; name = MBBoxFile.m; path = "Data Model/File System/File/Box/MBBoxFile.m"; sourceTree = "<group>"; };
		A5667708172454E2007B5D9A /* MBBoxFileResponse.h */ = {isa = PBXFileReference; fileEncoding = 4; lastKnownFileType = sourcecode.c.h; name = MBBoxFileResponse.h; path = "Data Model/File System/File/Box/MBBoxFileResponse.h"; sourceTree = "<group>"; };
		A5667709172454E2007B5D9A /* MBBoxFileResponse.m */ = {isa = PBXFileReference; fileEncoding = 4; lastKnownFileType = sourcecode.c.objc; name = MBBoxFileResponse.m; path = "Data Model/File System/File/Box/MBBoxFileResponse.m"; sourceTree = "<group>"; };
		A566770F17245AF6007B5D9A /* MBUser.h */ = {isa = PBXFileReference; fileEncoding = 4; lastKnownFileType = sourcecode.c.h; name = MBUser.h; path = "Data Model/User/MBUser.h"; sourceTree = "<group>"; };
		A566771017245AF6007B5D9A /* MBUser.m */ = {isa = PBXFileReference; fileEncoding = 4; lastKnownFileType = sourcecode.c.objc; name = MBUser.m; path = "Data Model/User/MBUser.m"; sourceTree = "<group>"; };
		A566771317245B16007B5D9A /* MBBoxUser.h */ = {isa = PBXFileReference; fileEncoding = 4; lastKnownFileType = sourcecode.c.h; name = MBBoxUser.h; path = "Data Model/User/Box/MBBoxUser.h"; sourceTree = "<group>"; };
		A566771417245B16007B5D9A /* MBBoxUser.m */ = {isa = PBXFileReference; fileEncoding = 4; lastKnownFileType = sourcecode.c.objc; name = MBBoxUser.m; path = "Data Model/User/Box/MBBoxUser.m"; sourceTree = "<group>"; };
		A5E9FA661708B9D8000C723C /* Multi Box.app */ = {isa = PBXFileReference; explicitFileType = wrapper.application; includeInIndex = 0; path = "Multi Box.app"; sourceTree = BUILT_PRODUCTS_DIR; };
		A5E9FA691708B9D8000C723C /* Cocoa.framework */ = {isa = PBXFileReference; lastKnownFileType = wrapper.framework; name = Cocoa.framework; path = System/Library/Frameworks/Cocoa.framework; sourceTree = SDKROOT; };
		A5E9FA6C1708B9D8000C723C /* AppKit.framework */ = {isa = PBXFileReference; lastKnownFileType = wrapper.framework; name = AppKit.framework; path = System/Library/Frameworks/AppKit.framework; sourceTree = SDKROOT; };
		A5E9FA6D1708B9D8000C723C /* CoreData.framework */ = {isa = PBXFileReference; lastKnownFileType = wrapper.framework; name = CoreData.framework; path = System/Library/Frameworks/CoreData.framework; sourceTree = SDKROOT; };
		A5E9FA6E1708B9D8000C723C /* Foundation.framework */ = {isa = PBXFileReference; lastKnownFileType = wrapper.framework; name = Foundation.framework; path = System/Library/Frameworks/Foundation.framework; sourceTree = SDKROOT; };
		A5E9FA711708B9D8000C723C /* Multi Box-Info.plist */ = {isa = PBXFileReference; lastKnownFileType = text.plist.xml; path = "Multi Box-Info.plist"; sourceTree = "<group>"; };
		A5E9FA731708B9D8000C723C /* en */ = {isa = PBXFileReference; lastKnownFileType = text.plist.strings; name = en; path = en.lproj/InfoPlist.strings; sourceTree = "<group>"; };
		A5E9FA751708B9D8000C723C /* main.m */ = {isa = PBXFileReference; lastKnownFileType = sourcecode.c.objc; path = main.m; sourceTree = "<group>"; };
		A5E9FA771708B9D8000C723C /* Multi Box-Prefix.pch */ = {isa = PBXFileReference; lastKnownFileType = sourcecode.c.h; path = "Multi Box-Prefix.pch"; sourceTree = "<group>"; };
		A5E9FA791708B9D8000C723C /* en */ = {isa = PBXFileReference; lastKnownFileType = text.rtf; name = en; path = en.lproj/Credits.rtf; sourceTree = "<group>"; };
		A5E9FA7B1708B9D8000C723C /* MBAppDelegate.h */ = {isa = PBXFileReference; lastKnownFileType = sourcecode.c.h; path = MBAppDelegate.h; sourceTree = "<group>"; };
		A5E9FA7C1708B9D8000C723C /* MBAppDelegate.m */ = {isa = PBXFileReference; lastKnownFileType = sourcecode.c.objc; path = MBAppDelegate.m; sourceTree = "<group>"; };
		A5E9FA7F1708B9D8000C723C /* en */ = {isa = PBXFileReference; lastKnownFileType = file.xib; name = en; path = en.lproj/MainMenu.xib; sourceTree = "<group>"; };
		A5E9FA861708B9D8000C723C /* Multi BoxTests.octest */ = {isa = PBXFileReference; explicitFileType = wrapper.cfbundle; includeInIndex = 0; path = "Multi BoxTests.octest"; sourceTree = BUILT_PRODUCTS_DIR; };
		A5E9FA871708B9D8000C723C /* SenTestingKit.framework */ = {isa = PBXFileReference; lastKnownFileType = wrapper.framework; name = SenTestingKit.framework; path = Library/Frameworks/SenTestingKit.framework; sourceTree = DEVELOPER_DIR; };
		A5E9FA8E1708B9D8000C723C /* Multi BoxTests-Info.plist */ = {isa = PBXFileReference; lastKnownFileType = text.plist.xml; path = "Multi BoxTests-Info.plist"; sourceTree = "<group>"; };
		A5E9FA901708B9D8000C723C /* en */ = {isa = PBXFileReference; lastKnownFileType = text.plist.strings; name = en; path = en.lproj/InfoPlist.strings; sourceTree = "<group>"; };
		A5E9FA921708B9D8000C723C /* Multi_BoxTests.h */ = {isa = PBXFileReference; lastKnownFileType = sourcecode.c.h; path = Multi_BoxTests.h; sourceTree = "<group>"; };
		A5E9FA931708B9D8000C723C /* Multi_BoxTests.m */ = {isa = PBXFileReference; lastKnownFileType = sourcecode.c.objc; path = Multi_BoxTests.m; sourceTree = "<group>"; };
		A5E9FAA31708BE40000C723C /* WebKit.framework */ = {isa = PBXFileReference; lastKnownFileType = wrapper.framework; name = WebKit.framework; path = System/Library/Frameworks/WebKit.framework; sourceTree = SDKROOT; };
		A5E9FAAC1708E51B000C723C /* NSString+URLQuery.h */ = {isa = PBXFileReference; fileEncoding = 4; lastKnownFileType = sourcecode.c.h; name = "NSString+URLQuery.h"; path = "Categories/NSString+URLQuery.h"; sourceTree = "<group>"; };
		A5E9FAAD1708E51B000C723C /* NSString+URLQuery.m */ = {isa = PBXFileReference; fileEncoding = 4; lastKnownFileType = sourcecode.c.objc; name = "NSString+URLQuery.m"; path = "Categories/NSString+URLQuery.m"; sourceTree = "<group>"; };
		A5E9FAB41708EC86000C723C /* RestKit.xcodeproj */ = {isa = PBXFileReference; lastKnownFileType = "wrapper.pb-project"; name = RestKit.xcodeproj; path = ../RestKit/RestKit.xcodeproj; sourceTree = "<group>"; };
		A5E9FAC71708EDF0000C723C /* CoreServices.framework */ = {isa = PBXFileReference; lastKnownFileType = wrapper.framework; name = CoreServices.framework; path = System/Library/Frameworks/CoreServices.framework; sourceTree = SDKROOT; };
		A5E9FAC81708EDF0000C723C /* Security.framework */ = {isa = PBXFileReference; lastKnownFileType = wrapper.framework; name = Security.framework; path = System/Library/Frameworks/Security.framework; sourceTree = SDKROOT; };
		A5E9FAC91708EDF0000C723C /* SystemConfiguration.framework */ = {isa = PBXFileReference; lastKnownFileType = wrapper.framework; name = SystemConfiguration.framework; path = System/Library/Frameworks/SystemConfiguration.framework; sourceTree = SDKROOT; };
		D3F6409F15958C127F608896 /* MBBoxRefreshTokenRequest.m */ = {isa = PBXFileReference; fileEncoding = 4; lastKnownFileType = sourcecode.c.objc; name = MBBoxRefreshTokenRequest.m; path = "Data Model/User/Authentication/MBBoxRefreshTokenRequest.m"; sourceTree = "<group>"; };
		D3F6427844E40CA6F1731EE9 /* MBBoxRevokeTokenRequest.m */ = {isa = PBXFileReference; fileEncoding = 4; lastKnownFileType = sourcecode.c.objc; name = MBBoxRevokeTokenRequest.m; path = "Data Model/User/Authentication/MBBoxRevokeTokenRequest.m"; sourceTree = "<group>"; };
		D3F642DE9BABB9439E996035 /* MBBoxRefreshTokenRequest.h */ = {isa = PBXFileReference; fileEncoding = 4; lastKnownFileType = sourcecode.c.h; name = MBBoxRefreshTokenRequest.h; path = "Data Model/User/Authentication/MBBoxRefreshTokenRequest.h"; sourceTree = "<group>"; };
		D3F645430C26EE0000AB7C7E /* MBBoxAccessTokenRequest.h */ = {isa = PBXFileReference; fileEncoding = 4; lastKnownFileType = sourcecode.c.h; name = MBBoxAccessTokenRequest.h; path = "Data Model/User/Authentication/MBBoxAccessTokenRequest.h"; sourceTree = "<group>"; };
		D3F645F9F6A48A22CB3DD081 /* MBBoxUser+Authentication.h */ = {isa = PBXFileReference; fileEncoding = 4; lastKnownFileType = sourcecode.c.h; name = "MBBoxUser+Authentication.h"; path = "Data Model/User/Authentication/MBBoxUser+Authentication.h"; sourceTree = "<group>"; };
		D3F6463C7A731A330D24D81C /* MBBoxUser+Authentication.m */ = {isa = PBXFileReference; fileEncoding = 4; lastKnownFileType = sourcecode.c.objc; name = "MBBoxUser+Authentication.m"; path = "Data Model/User/Authentication/MBBoxUser+Authentication.m"; sourceTree = "<group>"; };
		D3F646F4FCE21533D411DC56 /* MBBoxRevokeTokenRequest.h */ = {isa = PBXFileReference; fileEncoding = 4; lastKnownFileType = sourcecode.c.h; name = MBBoxRevokeTokenRequest.h; path = "Data Model/User/Authentication/MBBoxRevokeTokenRequest.h"; sourceTree = "<group>"; };
		D3F6486BDC1512AB7BF38065 /* MBBoxRefreshTokenResponse.m */ = {isa = PBXFileReference; fileEncoding = 4; lastKnownFileType = sourcecode.c.objc; name = MBBoxRefreshTokenResponse.m; path = "Data Model/User/Authentication/MBBoxRefreshTokenResponse.m"; sourceTree = "<group>"; };
		D3F64895B49B645F2EA41AF3 /* MBLoginWindowController.xib */ = {isa = PBXFileReference; lastKnownFileType = file.xib; path = MBLoginWindowController.xib; sourceTree = "<group>"; };
		D3F648E7252508CE0E75A170 /* MBBoxAccessTokenRequest.m */ = {isa = PBXFileReference; fileEncoding = 4; lastKnownFileType = sourcecode.c.objc; name = MBBoxAccessTokenRequest.m; path = "Data Model/User/Authentication/MBBoxAccessTokenRequest.m"; sourceTree = "<group>"; };
		D3F64982F46B1B31438692D6 /* MBLoginWindowController.h */ = {isa = PBXFileReference; fileEncoding = 4; lastKnownFileType = sourcecode.c.h; path = MBLoginWindowController.h; sourceTree = "<group>"; };
		D3F649A9746E0F18DD0C003D /* MBBoxAccessTokenResponse.h */ = {isa = PBXFileReference; fileEncoding = 4; lastKnownFileType = sourcecode.c.h; name = MBBoxAccessTokenResponse.h; path = "Data Model/User/Authentication/MBBoxAccessTokenResponse.h"; sourceTree = "<group>"; };
		D3F649F11BF74BD3CF39922B /* MBBoxRefreshTokenResponse.h */ = {isa = PBXFileReference; fileEncoding = 4; lastKnownFileType = sourcecode.c.h; name = MBBoxRefreshTokenResponse.h; path = "Data Model/User/Authentication/MBBoxRefreshTokenResponse.h"; sourceTree = "<group>"; };
		D3F64BC5370A3AFFADD3616A /* MBAPIKey.m */ = {isa = PBXFileReference; fileEncoding = 4; lastKnownFileType = sourcecode.c.objc; path = MBAPIKey.m; sourceTree = "<group>"; };
		D3F64CB2175A4FAABE85C992 /* MBBoxAccessTokenResponse.m */ = {isa = PBXFileReference; fileEncoding = 4; lastKnownFileType = sourcecode.c.objc; name = MBBoxAccessTokenResponse.m; path = "Data Model/User/Authentication/MBBoxAccessTokenResponse.m"; sourceTree = "<group>"; };
		D3F64DF7F5671C69B26DE6BC /* MBLoginWindowController.m */ = {isa = PBXFileReference; fileEncoding = 4; lastKnownFileType = sourcecode.c.objc; path = MBLoginWindowController.m; sourceTree = "<group>"; };
		D3F64E64265B56E3F8D64E1A /* MBAPIKey.h */ = {isa = PBXFileReference; fileEncoding = 4; lastKnownFileType = sourcecode.c.h; path = MBAPIKey.h; sourceTree = "<group>"; };
/* End PBXFileReference section */

/* Begin PBXFrameworksBuildPhase section */
		A5E9FA631708B9D8000C723C /* Frameworks */ = {
			isa = PBXFrameworksBuildPhase;
			buildActionMask = 2147483647;
			files = (
				A5E9FACA1708EDF0000C723C /* CoreServices.framework in Frameworks */,
				A5E9FACB1708EDF0000C723C /* Security.framework in Frameworks */,
				A5E9FACC1708EDF0000C723C /* SystemConfiguration.framework in Frameworks */,
				A5E9FAC61708EDF0000C723C /* CoreData.framework in Frameworks */,
				A5E9FAC51708EDBD000C723C /* RestKit.framework in Frameworks */,
				A5E9FAA41708BE40000C723C /* WebKit.framework in Frameworks */,
				A5E9FA6A1708B9D8000C723C /* Cocoa.framework in Frameworks */,
			);
			runOnlyForDeploymentPostprocessing = 0;
		};
		A5E9FA821708B9D8000C723C /* Frameworks */ = {
			isa = PBXFrameworksBuildPhase;
			buildActionMask = 2147483647;
			files = (
				A5E9FA881708B9D8000C723C /* SenTestingKit.framework in Frameworks */,
				A5E9FA891708B9D8000C723C /* Cocoa.framework in Frameworks */,
			);
			runOnlyForDeploymentPostprocessing = 0;
		};
/* End PBXFrameworksBuildPhase section */

/* Begin PBXGroup section */
		A509563F170BF18100FF4CD3 /* Main View */ = {
			isa = PBXGroup;
			children = (
				A5095640170BF1A900FF4CD3 /* MBMainViewController.h */,
				A5095641170BF1A900FF4CD3 /* MBMainViewController.m */,
				A5095642170BF1A900FF4CD3 /* MBMainViewController.xib */,
				A5095647170BF4D700FF4CD3 /* MBUserListViewController.h */,
				A5095648170BF4D700FF4CD3 /* MBUserListViewController.m */,
				A5095650170BFD1D00FF4CD3 /* MBUserListCell.h */,
				A5095651170BFD1D00FF4CD3 /* MBUserListCell.m */,
				A5095654170BFD3000FF4CD3 /* MBUserListCell.xib */,
				A5205FEA1716504100BC8C69 /* MBFileBrowserController.h */,
				A5205FEB1716504100BC8C69 /* MBFileBrowserController.m */,
			);
			name = "Main View";
			sourceTree = "<group>";
		};
		A509564B170BF7AC00FF4CD3 /* Collection */ = {
			isa = PBXGroup;
			children = (
				A509564C170BF7C500FF4CD3 /* MBBoxUser+Collection.h */,
				A509564D170BF7C500FF4CD3 /* MBBoxUser+Collection.m */,
			);
			name = Collection;
			sourceTree = "<group>";
		};
		A555A318170E3305005428DA /* Images */ = {
			isa = PBXGroup;
			children = (
				A555A31C170E3313005428DA /* box_logo_small.png */,
			);
			name = Images;
			sourceTree = "<group>";
		};
		A5578728170DB06A007185F1 /* User Info */ = {
			isa = PBXGroup;
			children = (
				A557872C170DB0BC007185F1 /* MBBoxUser+GetInfo.h */,
				A557872D170DB0BC007185F1 /* MBBoxUser+GetInfo.m */,
				A5578731170DB24A007185F1 /* MBBoxGetUserInfoResponse.h */,
				A5578732170DB24A007185F1 /* MBBoxGetUserInfoResponse.m */,
			);
			name = "User Info";
			sourceTree = "<group>";
		};
		A56676E9172453D8007B5D9A /* File System */ = {
			isa = PBXGroup;
			children = (
				A56676EC17245407007B5D9A /* MBFileSystemObject.h */,
				A56676ED17245407007B5D9A /* MBFileSystemObject.m */,
				A56676EB172453E2007B5D9A /* Folder */,
				A56676EA172453DE007B5D9A /* File */,
			);
			name = "File System";
			sourceTree = "<group>";
		};
		A56676EA172453DE007B5D9A /* File */ = {
			isa = PBXGroup;
			children = (
				A56676F417245452007B5D9A /* MBFile.h */,
				A56676F517245452007B5D9A /* MBFile.m */,
				A56676F81724545C007B5D9A /* Box */,
			);
			name = File;
			sourceTree = "<group>";
		};
		A56676EB172453E2007B5D9A /* Folder */ = {
			isa = PBXGroup;
			children = (
				A56676F01724542D007B5D9A /* MBFolder.h */,
				A56676F11724542D007B5D9A /* MBFolder.m */,
				A56676F917245464007B5D9A /* Box */,
			);
			name = Folder;
			sourceTree = "<group>";
		};
		A56676F81724545C007B5D9A /* Box */ = {
			isa = PBXGroup;
			children = (
				A5667706172454E2007B5D9A /* MBBoxFile.h */,
				A5667707172454E2007B5D9A /* MBBoxFile.m */,
				A5667708172454E2007B5D9A /* MBBoxFileResponse.h */,
				A5667709172454E2007B5D9A /* MBBoxFileResponse.m */,
			);
			name = Box;
			sourceTree = "<group>";
		};
		A56676F917245464007B5D9A /* Box */ = {
			isa = PBXGroup;
			children = (
				A56676FA172454CB007B5D9A /* MBBoxFolder.h */,
				A56676FB172454CB007B5D9A /* MBBoxFolder.m */,
				A56676FC172454CB007B5D9A /* MBBoxFolderItemsResponse.h */,
				A56676FD172454CB007B5D9A /* MBBoxFolderItemsResponse.m */,
				A56676FE172454CB007B5D9A /* MBBoxFolderResponse.h */,
				A56676FF172454CB007B5D9A /* MBBoxFolderResponse.m */,
			);
			name = Box;
			sourceTree = "<group>";
		};
		A566770E17245ADA007B5D9A /* Box */ = {
			isa = PBXGroup;
			children = (
				A566771317245B16007B5D9A /* MBBoxUser.h */,
				A566771417245B16007B5D9A /* MBBoxUser.m */,
			);
			name = Box;
			sourceTree = "<group>";
		};
		A56C2080170BE06B00E7B368 /* User */ = {
			isa = PBXGroup;
			children = (
				A566770E17245ADA007B5D9A /* Box */,
				A5578728170DB06A007185F1 /* User Info */,
				A509564B170BF7AC00FF4CD3 /* Collection */,
				D3F64DC01289F6EFD511823C /* Authentication */,
				A566770F17245AF6007B5D9A /* MBUser.h */,
				A566771017245AF6007B5D9A /* MBUser.m */,
			);
			name = User;
			sourceTree = "<group>";
		};
		A5E9FA5D1708B9D8000C723C = {
			isa = PBXGroup;
			children = (
				A5E9FAAB1708E4F2000C723C /* Categories */,
				A5E9FAA61708DDC8000C723C /* Data Model */,
				D3F6429A6CE04EE9854A49DD /* Login */,
				A509563F170BF18100FF4CD3 /* Main View */,
				A5E9FA6F1708B9D8000C723C /* Multi Box */,
				A555A318170E3305005428DA /* Images */,
				A5E9FA8C1708B9D8000C723C /* Multi BoxTests */,
				A5E9FA681708B9D8000C723C /* Frameworks */,
				A5E9FA671708B9D8000C723C /* Products */,
			);
			sourceTree = "<group>";
		};
		A5E9FA671708B9D8000C723C /* Products */ = {
			isa = PBXGroup;
			children = (
				A5E9FA661708B9D8000C723C /* Multi Box.app */,
				A5E9FA861708B9D8000C723C /* Multi BoxTests.octest */,
			);
			name = Products;
			sourceTree = "<group>";
		};
		A5E9FA681708B9D8000C723C /* Frameworks */ = {
			isa = PBXGroup;
			children = (
				A5E9FAC71708EDF0000C723C /* CoreServices.framework */,
				A5E9FAC81708EDF0000C723C /* Security.framework */,
				A5E9FAC91708EDF0000C723C /* SystemConfiguration.framework */,
				A5E9FAB41708EC86000C723C /* RestKit.xcodeproj */,
				A5E9FAA31708BE40000C723C /* WebKit.framework */,
				A5E9FA691708B9D8000C723C /* Cocoa.framework */,
				A5E9FA871708B9D8000C723C /* SenTestingKit.framework */,
				A5E9FA6B1708B9D8000C723C /* Other Frameworks */,
			);
			name = Frameworks;
			sourceTree = "<group>";
		};
		A5E9FA6B1708B9D8000C723C /* Other Frameworks */ = {
			isa = PBXGroup;
			children = (
				A5E9FA6C1708B9D8000C723C /* AppKit.framework */,
				A5E9FA6D1708B9D8000C723C /* CoreData.framework */,
				A5E9FA6E1708B9D8000C723C /* Foundation.framework */,
			);
			name = "Other Frameworks";
			sourceTree = "<group>";
		};
		A5E9FA6F1708B9D8000C723C /* Multi Box */ = {
			isa = PBXGroup;
			children = (
				A5E9FA7B1708B9D8000C723C /* MBAppDelegate.h */,
				A5E9FA7C1708B9D8000C723C /* MBAppDelegate.m */,
				A5E9FA7E1708B9D8000C723C /* MainMenu.xib */,
				D3F64E64265B56E3F8D64E1A /* MBAPIKey.h */,
				D3F64BC5370A3AFFADD3616A /* MBAPIKey.m */,
				A5E9FA701708B9D8000C723C /* Supporting Files */,
			);
			path = "Multi Box";
			sourceTree = "<group>";
		};
		A5E9FA701708B9D8000C723C /* Supporting Files */ = {
			isa = PBXGroup;
			children = (
				A5E9FA711708B9D8000C723C /* Multi Box-Info.plist */,
				A5E9FA721708B9D8000C723C /* InfoPlist.strings */,
				A5E9FA751708B9D8000C723C /* main.m */,
				A5E9FA771708B9D8000C723C /* Multi Box-Prefix.pch */,
				A5E9FA781708B9D8000C723C /* Credits.rtf */,
			);
			name = "Supporting Files";
			sourceTree = "<group>";
		};
		A5E9FA8C1708B9D8000C723C /* Multi BoxTests */ = {
			isa = PBXGroup;
			children = (
				A5E9FA921708B9D8000C723C /* Multi_BoxTests.h */,
				A5E9FA931708B9D8000C723C /* Multi_BoxTests.m */,
				A5E9FA8D1708B9D8000C723C /* Supporting Files */,
			);
			path = "Multi BoxTests";
			sourceTree = "<group>";
		};
		A5E9FA8D1708B9D8000C723C /* Supporting Files */ = {
			isa = PBXGroup;
			children = (
				A5E9FA8E1708B9D8000C723C /* Multi BoxTests-Info.plist */,
				A5E9FA8F1708B9D8000C723C /* InfoPlist.strings */,
			);
			name = "Supporting Files";
			sourceTree = "<group>";
		};
		A5E9FAA61708DDC8000C723C /* Data Model */ = {
			isa = PBXGroup;
			children = (
				A56676E9172453D8007B5D9A /* File System */,
				A56C2080170BE06B00E7B368 /* User */,
			);
			name = "Data Model";
			sourceTree = "<group>";
		};
		A5E9FAAB1708E4F2000C723C /* Categories */ = {
			isa = PBXGroup;
			children = (
				A5E9FAAC1708E51B000C723C /* NSString+URLQuery.h */,
				A5E9FAAD1708E51B000C723C /* NSString+URLQuery.m */,
			);
			name = Categories;
			sourceTree = "<group>";
		};
		A5E9FAB51708EC86000C723C /* Products */ = {
			isa = PBXGroup;
			children = (
				A5E9FABC1708EC86000C723C /* libRestKit.a */,
				A5E9FABE1708EC86000C723C /* RestKitTests.octest */,
				A5E9FAC01708EC86000C723C /* RestKit.framework */,
				A5E9FAC21708EC86000C723C /* RestKitFrameworkTests.octest */,
			);
			name = Products;
			sourceTree = "<group>";
		};
		D3F6429A6CE04EE9854A49DD /* Login */ = {
			isa = PBXGroup;
			children = (
				D3F64982F46B1B31438692D6 /* MBLoginWindowController.h */,
				D3F64DF7F5671C69B26DE6BC /* MBLoginWindowController.m */,
				D3F64895B49B645F2EA41AF3 /* MBLoginWindowController.xib */,
			);
			path = Login;
			sourceTree = "<group>";
		};
		D3F64DC01289F6EFD511823C /* Authentication */ = {
			isa = PBXGroup;
			children = (
				D3F645F9F6A48A22CB3DD081 /* MBBoxUser+Authentication.h */,
				D3F6463C7A731A330D24D81C /* MBBoxUser+Authentication.m */,
				D3F645430C26EE0000AB7C7E /* MBBoxAccessTokenRequest.h */,
				D3F648E7252508CE0E75A170 /* MBBoxAccessTokenRequest.m */,
				D3F649A9746E0F18DD0C003D /* MBBoxAccessTokenResponse.h */,
				D3F64CB2175A4FAABE85C992 /* MBBoxAccessTokenResponse.m */,
				D3F642DE9BABB9439E996035 /* MBBoxRefreshTokenRequest.h */,
				D3F6409F15958C127F608896 /* MBBoxRefreshTokenRequest.m */,
				D3F649F11BF74BD3CF39922B /* MBBoxRefreshTokenResponse.h */,
				D3F6486BDC1512AB7BF38065 /* MBBoxRefreshTokenResponse.m */,
				D3F646F4FCE21533D411DC56 /* MBBoxRevokeTokenRequest.h */,
				D3F6427844E40CA6F1731EE9 /* MBBoxRevokeTokenRequest.m */,
			);
			name = Authentication;
			sourceTree = "<group>";
		};
/* End PBXGroup section */

/* Begin PBXNativeTarget section */
		A5E9FA651708B9D8000C723C /* Multi Box */ = {
			isa = PBXNativeTarget;
			buildConfigurationList = A5E9FA971708B9D8000C723C /* Build configuration list for PBXNativeTarget "Multi Box" */;
			buildPhases = (
				A5E9FA621708B9D8000C723C /* Sources */,
				A5E9FA631708B9D8000C723C /* Frameworks */,
				A5E9FA641708B9D8000C723C /* Resources */,
				A5E9FACD1708EE1A000C723C /* Copy RestKit Framework */,
			);
			buildRules = (
			);
			dependencies = (
				A5E9FAC41708ED5F000C723C /* PBXTargetDependency */,
			);
			name = "Multi Box";
			productName = "Multi Box";
			productReference = A5E9FA661708B9D8000C723C /* Multi Box.app */;
			productType = "com.apple.product-type.application";
		};
		A5E9FA851708B9D8000C723C /* Multi BoxTests */ = {
			isa = PBXNativeTarget;
			buildConfigurationList = A5E9FA9A1708B9D8000C723C /* Build configuration list for PBXNativeTarget "Multi BoxTests" */;
			buildPhases = (
				A5E9FA811708B9D8000C723C /* Sources */,
				A5E9FA821708B9D8000C723C /* Frameworks */,
				A5E9FA831708B9D8000C723C /* Resources */,
				A5E9FA841708B9D8000C723C /* ShellScript */,
			);
			buildRules = (
			);
			dependencies = (
				A5E9FA8B1708B9D8000C723C /* PBXTargetDependency */,
			);
			name = "Multi BoxTests";
			productName = "Multi BoxTests";
			productReference = A5E9FA861708B9D8000C723C /* Multi BoxTests.octest */;
			productType = "com.apple.product-type.bundle";
		};
/* End PBXNativeTarget section */

/* Begin PBXProject section */
		A5E9FA5E1708B9D8000C723C /* Project object */ = {
			isa = PBXProject;
			attributes = {
				CLASSPREFIX = MB;
				LastUpgradeCheck = 0460;
				ORGANIZATIONNAME = Milamsoft;
			};
			buildConfigurationList = A5E9FA611708B9D8000C723C /* Build configuration list for PBXProject "Multi Box" */;
			compatibilityVersion = "Xcode 3.2";
			developmentRegion = English;
			hasScannedForEncodings = 0;
			knownRegions = (
				en,
			);
			mainGroup = A5E9FA5D1708B9D8000C723C;
			productRefGroup = A5E9FA671708B9D8000C723C /* Products */;
			projectDirPath = "";
			projectReferences = (
				{
					ProductGroup = A5E9FAB51708EC86000C723C /* Products */;
					ProjectRef = A5E9FAB41708EC86000C723C /* RestKit.xcodeproj */;
				},
			);
			projectRoot = "";
			targets = (
				A5E9FA651708B9D8000C723C /* Multi Box */,
				A5E9FA851708B9D8000C723C /* Multi BoxTests */,
			);
		};
/* End PBXProject section */

/* Begin PBXReferenceProxy section */
		A5E9FABC1708EC86000C723C /* libRestKit.a */ = {
			isa = PBXReferenceProxy;
			fileType = archive.ar;
			path = libRestKit.a;
			remoteRef = A5E9FABB1708EC86000C723C /* PBXContainerItemProxy */;
			sourceTree = BUILT_PRODUCTS_DIR;
		};
		A5E9FABE1708EC86000C723C /* RestKitTests.octest */ = {
			isa = PBXReferenceProxy;
			fileType = wrapper.cfbundle;
			path = RestKitTests.octest;
			remoteRef = A5E9FABD1708EC86000C723C /* PBXContainerItemProxy */;
			sourceTree = BUILT_PRODUCTS_DIR;
		};
		A5E9FAC01708EC86000C723C /* RestKit.framework */ = {
			isa = PBXReferenceProxy;
			fileType = wrapper.framework;
			path = RestKit.framework;
			remoteRef = A5E9FABF1708EC86000C723C /* PBXContainerItemProxy */;
			sourceTree = BUILT_PRODUCTS_DIR;
		};
		A5E9FAC21708EC86000C723C /* RestKitFrameworkTests.octest */ = {
			isa = PBXReferenceProxy;
			fileType = wrapper.cfbundle;
			path = RestKitFrameworkTests.octest;
			remoteRef = A5E9FAC11708EC86000C723C /* PBXContainerItemProxy */;
			sourceTree = BUILT_PRODUCTS_DIR;
		};
/* End PBXReferenceProxy section */

/* Begin PBXResourcesBuildPhase section */
		A5E9FA641708B9D8000C723C /* Resources */ = {
			isa = PBXResourcesBuildPhase;
			buildActionMask = 2147483647;
			files = (
				A5E9FA741708B9D8000C723C /* InfoPlist.strings in Resources */,
				A5E9FA7A1708B9D8000C723C /* Credits.rtf in Resources */,
				A5E9FA801708B9D8000C723C /* MainMenu.xib in Resources */,
				D3F64539C38782E0128068AF /* MBLoginWindowController.xib in Resources */,
				A5095645170BF1A900FF4CD3 /* MBMainViewController.xib in Resources */,
				A5095655170BFD3000FF4CD3 /* MBUserListCell.xib in Resources */,
				A555A31D170E3313005428DA /* box_logo_small.png in Resources */,
			);
			runOnlyForDeploymentPostprocessing = 0;
		};
		A5E9FA831708B9D8000C723C /* Resources */ = {
			isa = PBXResourcesBuildPhase;
			buildActionMask = 2147483647;
			files = (
				A5E9FA911708B9D8000C723C /* InfoPlist.strings in Resources */,
				D3F642FCA14D9856F4C44BA0 /* MBLoginWindowController.xib in Resources */,
				A5095646170BF1A900FF4CD3 /* MBMainViewController.xib in Resources */,
				A5095656170BFD3000FF4CD3 /* MBUserListCell.xib in Resources */,
				A555A31E170E3313005428DA /* box_logo_small.png in Resources */,
			);
			runOnlyForDeploymentPostprocessing = 0;
		};
/* End PBXResourcesBuildPhase section */

/* Begin PBXShellScriptBuildPhase section */
		A5E9FA841708B9D8000C723C /* ShellScript */ = {
			isa = PBXShellScriptBuildPhase;
			buildActionMask = 2147483647;
			files = (
			);
			inputPaths = (
			);
			outputPaths = (
			);
			runOnlyForDeploymentPostprocessing = 0;
			shellPath = /bin/sh;
			shellScript = "# Run the unit tests in this test bundle.\n\"${SYSTEM_DEVELOPER_DIR}/Tools/RunUnitTests\"\n";
		};
/* End PBXShellScriptBuildPhase section */

/* Begin PBXSourcesBuildPhase section */
		A5E9FA621708B9D8000C723C /* Sources */ = {
			isa = PBXSourcesBuildPhase;
			buildActionMask = 2147483647;
			files = (
				A5E9FA761708B9D8000C723C /* main.m in Sources */,
				A5E9FA7D1708B9D8000C723C /* MBAppDelegate.m in Sources */,
				A5E9FAAE1708E51B000C723C /* NSString+URLQuery.m in Sources */,
				D3F649F4EF56C6EA70DF7038 /* MBBoxAccessTokenRequest.m in Sources */,
				D3F641E6BAA9B50F48AC9846 /* MBBoxRevokeTokenRequest.m in Sources */,
				D3F645B4FC1AEAC0B60B56B5 /* MBBoxAccessTokenResponse.m in Sources */,
				D3F648CF35815216481CE8CC /* MBBoxRefreshTokenRequest.m in Sources */,
				D3F64D4FD4565A6434C1924D /* MBBoxUser+Authentication.m in Sources */,
				D3F648D01C7FF5300FC752C4 /* MBBoxRefreshTokenResponse.m in Sources */,
				D3F6483995826A2F0F5DA26B /* MBAPIKey.m in Sources */,
				D3F641EB583EC5FB66676055 /* MBLoginWindowController.m in Sources */,
				A5095643170BF1A900FF4CD3 /* MBMainViewController.m in Sources */,
				A5095649170BF4D700FF4CD3 /* MBUserListViewController.m in Sources */,
				A509564E170BF7C500FF4CD3 /* MBBoxUser+Collection.m in Sources */,
				A5095652170BFD1D00FF4CD3 /* MBUserListCell.m in Sources */,
				A557872E170DB0BC007185F1 /* MBBoxUser+GetInfo.m in Sources */,
				A5578733170DB24A007185F1 /* MBBoxGetUserInfoResponse.m in Sources */,
				A5205FEC1716504100BC8C69 /* MBFileBrowserController.m in Sources */,
				A56676EE17245407007B5D9A /* MBFileSystemObject.m in Sources */,
				A56676F21724542D007B5D9A /* MBFolder.m in Sources */,
				A56676F617245452007B5D9A /* MBFile.m in Sources */,
				A5667700172454CB007B5D9A /* MBBoxFolder.m in Sources */,
				A5667702172454CB007B5D9A /* MBBoxFolderItemsResponse.m in Sources */,
				A5667704172454CB007B5D9A /* MBBoxFolderResponse.m in Sources */,
				A566770A172454E2007B5D9A /* MBBoxFile.m in Sources */,
				A566770C172454E2007B5D9A /* MBBoxFileResponse.m in Sources */,
				A566771117245AF7007B5D9A /* MBUser.m in Sources */,
				A566771517245B16007B5D9A /* MBBoxUser.m in Sources */,
			);
			runOnlyForDeploymentPostprocessing = 0;
		};
		A5E9FA811708B9D8000C723C /* Sources */ = {
			isa = PBXSourcesBuildPhase;
			buildActionMask = 2147483647;
			files = (
				A5E9FA941708B9D8000C723C /* Multi_BoxTests.m in Sources */,
				A5E9FAAF1708E51B000C723C /* NSString+URLQuery.m in Sources */,
				D3F64EB70D25B1E3FE221E40 /* MBBoxAccessTokenRequest.m in Sources */,
				D3F64714BFFFF45D099BAA33 /* MBBoxRevokeTokenRequest.m in Sources */,
				D3F64064592856D9E6E59638 /* MBBoxAccessTokenResponse.m in Sources */,
				D3F6401017387F415D5E2B72 /* MBBoxRefreshTokenRequest.m in Sources */,
				D3F6447B43C60CF19FF1F55B /* MBBoxUser+Authentication.m in Sources */,
				D3F64CFBF8CDC2177D710FFB /* MBBoxRefreshTokenResponse.m in Sources */,
				D3F64DC5C0019A26589156B5 /* MBAPIKey.m in Sources */,
				D3F641570C2332B51F2CA9A3 /* MBLoginWindowController.m in Sources */,
				A5095644170BF1A900FF4CD3 /* MBMainViewController.m in Sources */,
				A509564A170BF4D700FF4CD3 /* MBUserListViewController.m in Sources */,
				A509564F170BF7C500FF4CD3 /* MBBoxUser+Collection.m in Sources */,
				A5095653170BFD1D00FF4CD3 /* MBUserListCell.m in Sources */,
				A557872F170DB0BC007185F1 /* MBBoxUser+GetInfo.m in Sources */,
				A5578734170DB24A007185F1 /* MBBoxGetUserInfoResponse.m in Sources */,
				A5205FED1716504100BC8C69 /* MBFileBrowserController.m in Sources */,
				A56676EF17245407007B5D9A /* MBFileSystemObject.m in Sources */,
				A56676F31724542D007B5D9A /* MBFolder.m in Sources */,
				A56676F717245452007B5D9A /* MBFile.m in Sources */,
				A5667701172454CB007B5D9A /* MBBoxFolder.m in Sources */,
				A5667703172454CB007B5D9A /* MBBoxFolderItemsResponse.m in Sources */,
				A5667705172454CB007B5D9A /* MBBoxFolderResponse.m in Sources */,
				A566770B172454E2007B5D9A /* MBBoxFile.m in Sources */,
				A566770D172454E2007B5D9A /* MBBoxFileResponse.m in Sources */,
				A566771217245AF7007B5D9A /* MBUser.m in Sources */,
				A566771617245B16007B5D9A /* MBBoxUser.m in Sources */,
			);
			runOnlyForDeploymentPostprocessing = 0;
		};
/* End PBXSourcesBuildPhase section */

/* Begin PBXTargetDependency section */
		A5E9FA8B1708B9D8000C723C /* PBXTargetDependency */ = {
			isa = PBXTargetDependency;
			target = A5E9FA651708B9D8000C723C /* Multi Box */;
			targetProxy = A5E9FA8A1708B9D8000C723C /* PBXContainerItemProxy */;
		};
		A5E9FAC41708ED5F000C723C /* PBXTargetDependency */ = {
			isa = PBXTargetDependency;
			name = RestKitFramework;
			targetProxy = A5E9FAC31708ED5F000C723C /* PBXContainerItemProxy */;
		};
/* End PBXTargetDependency section */

/* Begin PBXVariantGroup section */
		A5E9FA721708B9D8000C723C /* InfoPlist.strings */ = {
			isa = PBXVariantGroup;
			children = (
				A5E9FA731708B9D8000C723C /* en */,
			);
			name = InfoPlist.strings;
			sourceTree = "<group>";
		};
		A5E9FA781708B9D8000C723C /* Credits.rtf */ = {
			isa = PBXVariantGroup;
			children = (
				A5E9FA791708B9D8000C723C /* en */,
			);
			name = Credits.rtf;
			sourceTree = "<group>";
		};
		A5E9FA7E1708B9D8000C723C /* MainMenu.xib */ = {
			isa = PBXVariantGroup;
			children = (
				A5E9FA7F1708B9D8000C723C /* en */,
			);
			name = MainMenu.xib;
			sourceTree = "<group>";
		};
		A5E9FA8F1708B9D8000C723C /* InfoPlist.strings */ = {
			isa = PBXVariantGroup;
			children = (
				A5E9FA901708B9D8000C723C /* en */,
			);
			name = InfoPlist.strings;
			sourceTree = "<group>";
		};
/* End PBXVariantGroup section */

/* Begin XCBuildConfiguration section */
		A5E9FA951708B9D8000C723C /* Debug */ = {
			isa = XCBuildConfiguration;
			buildSettings = {
				ALWAYS_SEARCH_USER_PATHS = NO;
				ARCHS = "$(ARCHS_STANDARD_64_BIT)";
				CLANG_CXX_LANGUAGE_STANDARD = "gnu++0x";
				CLANG_CXX_LIBRARY = "libc++";
				CLANG_ENABLE_OBJC_ARC = YES;
				CLANG_WARN_CONSTANT_CONVERSION = YES;
				CLANG_WARN_EMPTY_BODY = YES;
				CLANG_WARN_ENUM_CONVERSION = YES;
				CLANG_WARN_INT_CONVERSION = YES;
				CLANG_WARN__DUPLICATE_METHOD_MATCH = YES;
				COPY_PHASE_STRIP = NO;
				GCC_C_LANGUAGE_STANDARD = gnu99;
				GCC_DYNAMIC_NO_PIC = NO;
				GCC_ENABLE_OBJC_EXCEPTIONS = YES;
				GCC_OPTIMIZATION_LEVEL = 0;
				GCC_PREPROCESSOR_DEFINITIONS = (
					"DEBUG=1",
					"$(inherited)",
				);
				GCC_SYMBOLS_PRIVATE_EXTERN = NO;
				GCC_WARN_64_TO_32_BIT_CONVERSION = YES;
				GCC_WARN_ABOUT_RETURN_TYPE = YES;
				GCC_WARN_UNINITIALIZED_AUTOS = YES;
				GCC_WARN_UNUSED_VARIABLE = YES;
				MACOSX_DEPLOYMENT_TARGET = 10.8;
				ONLY_ACTIVE_ARCH = YES;
				SDKROOT = macosx;
			};
			name = Debug;
		};
		A5E9FA961708B9D8000C723C /* Release */ = {
			isa = XCBuildConfiguration;
			buildSettings = {
				ALWAYS_SEARCH_USER_PATHS = NO;
				ARCHS = "$(ARCHS_STANDARD_64_BIT)";
				CLANG_CXX_LANGUAGE_STANDARD = "gnu++0x";
				CLANG_CXX_LIBRARY = "libc++";
				CLANG_ENABLE_OBJC_ARC = YES;
				CLANG_WARN_CONSTANT_CONVERSION = YES;
				CLANG_WARN_EMPTY_BODY = YES;
				CLANG_WARN_ENUM_CONVERSION = YES;
				CLANG_WARN_INT_CONVERSION = YES;
				CLANG_WARN__DUPLICATE_METHOD_MATCH = YES;
				COPY_PHASE_STRIP = YES;
				DEBUG_INFORMATION_FORMAT = "dwarf-with-dsym";
				GCC_C_LANGUAGE_STANDARD = gnu99;
				GCC_ENABLE_OBJC_EXCEPTIONS = YES;
				GCC_WARN_64_TO_32_BIT_CONVERSION = YES;
				GCC_WARN_ABOUT_RETURN_TYPE = YES;
				GCC_WARN_UNINITIALIZED_AUTOS = YES;
				GCC_WARN_UNUSED_VARIABLE = YES;
				MACOSX_DEPLOYMENT_TARGET = 10.8;
				SDKROOT = macosx;
			};
			name = Release;
		};
		A5E9FA981708B9D8000C723C /* Debug */ = {
			isa = XCBuildConfiguration;
			buildSettings = {
				COMBINE_HIDPI_IMAGES = YES;
				GCC_PRECOMPILE_PREFIX_HEADER = YES;
				GCC_PREFIX_HEADER = "Multi Box/Multi Box-Prefix.pch";
				HEADER_SEARCH_PATHS = "\"$(BUILT_PRODUCTS_DIR)/../../Headers\"";
				INFOPLIST_FILE = "Multi Box/Multi Box-Info.plist";
				OTHER_LDFLAGS = (
					"-ObjC",
					"-all_load",
				);
				PRODUCT_NAME = "$(TARGET_NAME)";
				WRAPPER_EXTENSION = app;
			};
			name = Debug;
		};
		A5E9FA991708B9D8000C723C /* Release */ = {
			isa = XCBuildConfiguration;
			buildSettings = {
				COMBINE_HIDPI_IMAGES = YES;
				GCC_PRECOMPILE_PREFIX_HEADER = YES;
				GCC_PREFIX_HEADER = "Multi Box/Multi Box-Prefix.pch";
				HEADER_SEARCH_PATHS = "\"$(BUILT_PRODUCTS_DIR)/../../Headers\"";
				INFOPLIST_FILE = "Multi Box/Multi Box-Info.plist";
				OTHER_LDFLAGS = (
					"-ObjC",
					"-all_load",
				);
				PRODUCT_NAME = "$(TARGET_NAME)";
				WRAPPER_EXTENSION = app;
			};
			name = Release;
		};
		A5E9FA9B1708B9D8000C723C /* Debug */ = {
			isa = XCBuildConfiguration;
			buildSettings = {
				BUNDLE_LOADER = "$(BUILT_PRODUCTS_DIR)/Multi Box.app/Contents/MacOS/Multi Box";
				COMBINE_HIDPI_IMAGES = YES;
				FRAMEWORK_SEARCH_PATHS = "\"$(DEVELOPER_LIBRARY_DIR)/Frameworks\"";
				GCC_PRECOMPILE_PREFIX_HEADER = YES;
				GCC_PREFIX_HEADER = "Multi Box/Multi Box-Prefix.pch";
				INFOPLIST_FILE = "Multi BoxTests/Multi BoxTests-Info.plist";
				PRODUCT_NAME = "$(TARGET_NAME)";
				TEST_HOST = "$(BUNDLE_LOADER)";
				WRAPPER_EXTENSION = octest;
			};
			name = Debug;
		};
		A5E9FA9C1708B9D8000C723C /* Release */ = {
			isa = XCBuildConfiguration;
			buildSettings = {
				BUNDLE_LOADER = "$(BUILT_PRODUCTS_DIR)/Multi Box.app/Contents/MacOS/Multi Box";
				COMBINE_HIDPI_IMAGES = YES;
				FRAMEWORK_SEARCH_PATHS = "\"$(DEVELOPER_LIBRARY_DIR)/Frameworks\"";
				GCC_PRECOMPILE_PREFIX_HEADER = YES;
				GCC_PREFIX_HEADER = "Multi Box/Multi Box-Prefix.pch";
				INFOPLIST_FILE = "Multi BoxTests/Multi BoxTests-Info.plist";
				PRODUCT_NAME = "$(TARGET_NAME)";
				TEST_HOST = "$(BUNDLE_LOADER)";
				WRAPPER_EXTENSION = octest;
			};
			name = Release;
		};
/* End XCBuildConfiguration section */

/* Begin XCConfigurationList section */
		A5E9FA611708B9D8000C723C /* Build configuration list for PBXProject "Multi Box" */ = {
			isa = XCConfigurationList;
			buildConfigurations = (
				A5E9FA951708B9D8000C723C /* Debug */,
				A5E9FA961708B9D8000C723C /* Release */,
			);
			defaultConfigurationIsVisible = 0;
			defaultConfigurationName = Release;
		};
		A5E9FA971708B9D8000C723C /* Build configuration list for PBXNativeTarget "Multi Box" */ = {
			isa = XCConfigurationList;
			buildConfigurations = (
				A5E9FA981708B9D8000C723C /* Debug */,
				A5E9FA991708B9D8000C723C /* Release */,
			);
			defaultConfigurationIsVisible = 0;
			defaultConfigurationName = Release;
		};
		A5E9FA9A1708B9D8000C723C /* Build configuration list for PBXNativeTarget "Multi BoxTests" */ = {
			isa = XCConfigurationList;
			buildConfigurations = (
				A5E9FA9B1708B9D8000C723C /* Debug */,
				A5E9FA9C1708B9D8000C723C /* Release */,
			);
			defaultConfigurationIsVisible = 0;
			defaultConfigurationName = Release;
		};
/* End XCConfigurationList section */
	};
	rootObject = A5E9FA5E1708B9D8000C723C /* Project object */;
}
